# THIS IS AN AUTOGENERATED FILE. DO NOT EDIT THIS FILE DIRECTLY.
# yarn lockfile v1


datatables.net-bs@^1.10.16:
  version "1.10.16"
  resolved "https://registry.yarnpkg.com/datatables.net-bs/-/datatables.net-bs-1.10.16.tgz#b0854f5b374f713ae3db4156c7cea8a760c3de76"
  integrity sha1-sIVPWzdPcTrj20FWx86op2DD3nY=
  dependencies:
    datatables.net "1.10.16"
    jquery ">=1.7"

datatables.net@1.10.16:
  version "1.10.16"
  resolved "https://registry.yarnpkg.com/datatables.net/-/datatables.net-1.10.16.tgz#4b052d1082824261b68eed9d22741b711d3d2469"
  integrity sha1-SwUtEIKCQmG2ju2dInQbcR09JGk=
  dependencies:
    jquery ">=1.7"

jquery@>=1.7:
  version "3.2.1"
  resolved "https://registry.yarnpkg.com/jquery/-/jquery-3.2.1.tgz#5c4d9de652af6cd0a770154a631bba12b015c787"
  integrity sha1-XE2d5lKvbNCncBVKYxu6ErAVx4c=
